
Microsoft Visual Studio Solution File, Format Version 12.00
# Visual Studio Version 17
VisualStudioVersion = 17.10.35013.160
MinimumVisualStudioVersion = 10.0.40219.1
Project("{FAE04EC0-301F-11D3-BF4B-00C04F79EFBC}") = "WindowsFormsApp1", "WindowsFormsApp1\WindowsFormsApp1.csproj", "{32B11D6C-3F9B-482F-925A-62AF0BD93247}"
EndProject
Global
	GlobalSection(SolutionConfigurationPlatforms) = preSolution
		Debug|Any CPU = Debug|Any CPU
		Release|Any CPU = Release|Any CPU
	EndGlobalSection
	GlobalSection(ProjectConfigurationPlatforms) = postSolution
		{32B11D6C-3F9B-482F-925A-62AF0BD93247}.Debug|Any CPU.ActiveCfg = Debug|Any CPU
		{32B11D6C-3F9B-482F-925A-62AF0BD93247}.Debug|Any CPU.Build.0 = Debug|Any CPU
		{32B11D6C-3F9B-482F-925A-62AF0BD93247}.Release|Any CPU.ActiveCfg = Release|Any CPU
		{32B11D6C-3F9B-482F-925A-62AF0BD93247}.Release|Any CPU.Build.0 = Release|Any CPU
	EndGlobalSection
	GlobalSection(SolutionProperties) = preSolution
		HideSolutionNode = FALSE
	EndGlobalSection
	GlobalSection(ExtensibilityGlobals) = postSolution
		SolutionGuid = {04135139-8D13-4098-9C19-C682204CDB32}
	EndGlobalSection
EndGlobal
